Microsoft Visual Studio Solution File, Format Version 12.00
# Visual Studio 14
VisualStudioVersion = 14.0.23107.0
MinimumVisualStudioVersion = 10.0.40219.1
Project("{FAE04EC0-301F-11D3-BF4B-00C04F79EFBC}") = "DBLib", "DBLib\DBLib.csproj", "{02F42CC9-FF99-4254-A22D-7CAFB2BDF186}"
EndProject
Project("{FAE04EC0-301F-11D3-BF4B-00C04F79EFBC}") = "Seller_Client", "Seller_Client\Seller_Client.csproj", "{0D29662C-A855-4F65-8ABD-3698142133F0}"
EndProject
Project("{FAE04EC0-301F-11D3-BF4B-00C04F79EFBC}") = "PBT_Manager", "PBT_Manager\PBT_Manager.csproj", "{EB81FCE2-FE0F-4F1E-A77B-6CB807EAA06A}"
EndProject
Global
	GlobalSection(SolutionConfigurationPlatforms) = preSolution
		Debug|Any CPU = Debug|Any CPU
		Release|Any CPU = Release|Any CPU
	EndGlobalSection
	GlobalSection(ProjectConfigurationPlatforms) = postSolution
		{02F42CC9-FF99-4254-A22D-7CAFB2BDF186}.Debug|Any CPU.ActiveCfg = Debug|Any CPU
		{02F42CC9-FF99-4254-A22D-7CAFB2BDF186}.Debug|Any CPU.Build.0 = Debug|Any CPU
		{02F42CC9-FF99-4254-A22D-7CAFB2BDF186}.Release|Any CPU.ActiveCfg = Release|Any CPU
		{02F42CC9-FF99-4254-A22D-7CAFB2BDF186}.Release|Any CPU.Build.0 = Release|Any CPU
		{0D29662C-A855-4F65-8ABD-3698142133F0}.Debug|Any CPU.ActiveCfg = Debug|Any CPU
		{0D29662C-A855-4F65-8ABD-3698142133F0}.Debug|Any CPU.Build.0 = Debug|Any CPU
		{0D29662C-A855-4F65-8ABD-3698142133F0}.Release|Any CPU.ActiveCfg = Release|Any CPU
		{0D29662C-A855-4F65-8ABD-3698142133F0}.Release|Any CPU.Build.0 = Release|Any CPU
		{EB81FCE2-FE0F-4F1E-A77B-6CB807EAA06A}.Debug|Any CPU.ActiveCfg = Debug|Any CPU
		{EB81FCE2-FE0F-4F1E-A77B-6CB807EAA06A}.Debug|Any CPU.Build.0 = Debug|Any CPU
		{EB81FCE2-FE0F-4F1E-A77B-6CB807EAA06A}.Release|Any CPU.ActiveCfg = Release|Any CPU
		{EB81FCE2-FE0F-4F1E-A77B-6CB807EAA06A}.Release|Any CPU.Build.0 = Release|Any CPU
	EndGlobalSection
	GlobalSection(SolutionProperties) = preSolution
		HideSolutionNode = FALSE
	EndGlobalSection
EndGlobal
